
Microsoft Visual Studio Solution File, Format Version 12.00
# Visual Studio Version 17
VisualStudioVersion = 17.6.33712.159
MinimumVisualStudioVersion = 10.0.40219.1
Project("{9A19103F-16F7-4668-BE54-9A1E7A4F7556}") = "PracticeManagement.CLI", "Console.PracticeManagement\PracticeManagement.CLI.csproj", "{4557CBC0-4F1E-4EE9-BD34-FA0E425DEE3A}"
EndProject
Project("{FAE04EC0-301F-11D3-BF4B-00C04F79EFBC}") = "PracticeManagement.Library", "PracticeManagement.Library\PracticeManagement.Library.csproj", "{61527DFE-F81B-4F39-B8B9-D8BD0E4FE300}"
EndProject
Project("{FAE04EC0-301F-11D3-BF4B-00C04F79EFBC}") = "PracticeManagement.MAUI", "PracticeManagement.MAUI\PracticeManagement.MAUI.csproj", "{95C537AA-7AAC-4193-B5D4-F7C6B92B82A2}"
EndProject
Global
	GlobalSection(SolutionConfigurationPlatforms) = preSolution
		Debug|Any CPU = Debug|Any CPU
		Release|Any CPU = Release|Any CPU
	EndGlobalSection
	GlobalSection(ProjectConfigurationPlatforms) = postSolution
		{4557CBC0-4F1E-4EE9-BD34-FA0E425DEE3A}.Debug|Any CPU.ActiveCfg = Debug|Any CPU
		{4557CBC0-4F1E-4EE9-BD34-FA0E425DEE3A}.Debug|Any CPU.Build.0 = Debug|Any CPU
		{4557CBC0-4F1E-4EE9-BD34-FA0E425DEE3A}.Release|Any CPU.ActiveCfg = Release|Any CPU
		{4557CBC0-4F1E-4EE9-BD34-FA0E425DEE3A}.Release|Any CPU.Build.0 = Release|Any CPU
		{61527DFE-F81B-4F39-B8B9-D8BD0E4FE300}.Debug|Any CPU.ActiveCfg = Debug|Any CPU
		{61527DFE-F81B-4F39-B8B9-D8BD0E4FE300}.Debug|Any CPU.Build.0 = Debug|Any CPU
		{61527DFE-F81B-4F39-B8B9-D8BD0E4FE300}.Release|Any CPU.ActiveCfg = Release|Any CPU
		{61527DFE-F81B-4F39-B8B9-D8BD0E4FE300}.Release|Any CPU.Build.0 = Release|Any CPU
		{95C537AA-7AAC-4193-B5D4-F7C6B92B82A2}.Debug|Any CPU.ActiveCfg = Debug|Any CPU
		{95C537AA-7AAC-4193-B5D4-F7C6B92B82A2}.Debug|Any CPU.Build.0 = Debug|Any CPU
		{95C537AA-7AAC-4193-B5D4-F7C6B92B82A2}.Debug|Any CPU.Deploy.0 = Debug|Any CPU
		{95C537AA-7AAC-4193-B5D4-F7C6B92B82A2}.Release|Any CPU.ActiveCfg = Release|Any CPU
		{95C537AA-7AAC-4193-B5D4-F7C6B92B82A2}.Release|Any CPU.Build.0 = Release|Any CPU
		{95C537AA-7AAC-4193-B5D4-F7C6B92B82A2}.Release|Any CPU.Deploy.0 = Release|Any CPU
	EndGlobalSection
	GlobalSection(SolutionProperties) = preSolution
		HideSolutionNode = FALSE
	EndGlobalSection
	GlobalSection(ExtensibilityGlobals) = postSolution
		SolutionGuid = {67F8FC30-E85A-4D65-97A7-00764ED58153}
	EndGlobalSection
EndGlobal
